<?xml version="1.0" encoding="utf-8"?>
<Project ToolsVersion="4.0" xmlns="http://schemas.microsoft.com/developer/msbuild/2003">
  <ItemGroup>
    <Filter Include="Object">
      <UniqueIdentifier>{6f046807-4e17-51f9-a503-f83c35a04c31}</UniqueIdentifier>
    </Filter>
    <Filter Include="Scene">
      <UniqueIdentifier>{f8b65250-ed86-5b08-9f9e-d420bb8ce5c3}</UniqueIdentifier>
    </Filter>
  </ItemGroup>
  <ItemGroup>
    <ClCompile Include="SandboxApp.cpp" />
    <ClCompile Include="main.cpp" />
    <ClCompile Include="Object\AxisGizmo.cpp">
      <Filter>Object</Filter>
    </ClCompile>
    <ClCompile Include="Object\PadObjectController.cpp">
      <Filter>Object</Filter>
    </ClCompile>
    <ClCompile Include="Object\Skydome.cpp">
      <Filter>Object</Filter>
    </ClCompile>
    <ClCompile Include="Scene\AxisScene.cpp">
      <Filter>Scene</Filter>
    </ClCompile>
    <ClCompile Include="Scene\DemoSceneBase.cpp">
      <Filter>Scene</Filter>
    </ClCompile>
    <ClCompile Include="Scene\GameScene.cpp">
      <Filter>Scene</Filter>
    </ClCompile>
    <ClCompile Include="Scene\SceneFactory.cpp">
      <Filter>Scene</Filter>
    </ClCompile>
    <ClCompile Include="Scene\StereoDemoScene.cpp">
      <Filter>Scene</Filter>
    </ClCompile>
  </ItemGroup>
  <ItemGroup>
    <ClInclude Include="SandboxApp.h" />
    <ClInclude Include="Object\AxisGizmo.h">
      <Filter>Object</Filter>
    </ClInclude>
    <ClInclude Include="Object\PadObjectController.h">
      <Filter>Object</Filter>
    </ClInclude>
    <ClInclude Include="Object\Skydome.h">
      <Filter>Object</Filter>
    </ClInclude>
    <ClInclude Include="Scene\AxisScene.h">
      <Filter>Scene</Filter>
    </ClInclude>
    <ClInclude Include="Scene\BaseScene.h">
      <Filter>Scene</Filter>
    </ClInclude>
    <ClInclude Include="Scene\DemoSceneBase.h">
      <Filter>Scene</Filter>
    </ClInclude>
    <ClInclude Include="Scene\GameScene.h">
      <Filter>Scene</Filter>
    </ClInclude>
    <ClInclude Include="Scene\SceneFactory.h">
      <Filter>Scene</Filter>
    </ClInclude>
    <ClInclude Include="Scene\StereoDemoScene.h">
      <Filter>Scene</Filter>
    </ClInclude>
  </ItemGroup>
</Project>
