<Solution>
  <Configurations>
    <BuildType Name="Debug" />
    <BuildType Name="Development" />
    <BuildType Name="Release" />
    <Platform Name="x64" />
  </Configurations>
  <Folder Name="/ソリューション項目/">
    <File Path=".editorconfig" />
  </Folder>
  <Folder Name="/Engine/">
    <Project Path="Engine/Engine.vcxproj" Id="6f1d4c3a-2b8e-4e57-9a61-0c5d7e3b9f24" />
    <Project Path="externals/DirectXTex/DirectXTex_Desktop_2022_Win10.vcxproj" Id="371b9fa9-4c90-4ac6-a123-aced756d6c77" />
  </Folder>
  <Project Path="Sandbox/Sandbox.vcxproj" Id="915fa14e-4f3e-4237-adfe-9cdaad5d7722" />
</Solution>
