<?xml version="1.0" encoding="utf-8"?>
<Project ToolsVersion="4.0" xmlns="http://schemas.microsoft.com/developer/msbuild/2003">
  <ItemGroup>
    <Filter Include="Audio">
      <UniqueIdentifier>{dac86e44-ca75-5ca9-a8bb-ae96ef8ffb05}</UniqueIdentifier>
    </Filter>
    <Filter Include="Camera">
      <UniqueIdentifier>{e28348fa-48b7-5e3d-a376-7497645c71ac}</UniqueIdentifier>
    </Filter>
    <Filter Include="Core">
      <UniqueIdentifier>{d30710c0-39e7-5adc-a366-167a4ea8949f}</UniqueIdentifier>
    </Filter>
    <Filter Include="Culling">
      <UniqueIdentifier>{ab29d18f-bcc5-53e4-9551-72595896b74e}</UniqueIdentifier>
    </Filter>
    <Filter Include="Diagnostics">
      <UniqueIdentifier>{c9416e45-43f5-58c0-ac42-3de325dc2ff8}</UniqueIdentifier>
    </Filter>
    <Filter Include="Geometry">
      <UniqueIdentifier>{4f51dcc8-b287-56b8-b538-a8d6d81b9f51}</UniqueIdentifier>
    </Filter>
    <Filter Include="Graphics">
      <UniqueIdentifier>{403e84bc-a341-5314-8183-03669dca5cc0}</UniqueIdentifier>
    </Filter>
    <Filter Include="Input">
      <UniqueIdentifier>{f929d739-d923-5c94-bcdc-6103a6ea5f3c}</UniqueIdentifier>
    </Filter>
    <Filter Include="Light">
      <UniqueIdentifier>{99ca41a1-f048-5b89-bec3-7e53530aad0f}</UniqueIdentifier>
    </Filter>
    <Filter Include="Math">
      <UniqueIdentifier>{031c5160-cf59-51f7-a0b8-8e7a0433a156}</UniqueIdentifier>
    </Filter>
    <Filter Include="Rendering">
      <UniqueIdentifier>{d49a6b12-c745-52f3-9b8f-c678a5784b29}</UniqueIdentifier>
    </Filter>
    <Filter Include="Scene">
      <UniqueIdentifier>{f8b65250-ed86-5b08-9f9e-d420bb8ce5c3}</UniqueIdentifier>
    </Filter>
    <Filter Include="Shaders">
      <UniqueIdentifier>{49e8e1c0-4647-5f8b-b0cc-8e4cb4c10fc1}</UniqueIdentifier>
    </Filter>
    <Filter Include="String">
      <UniqueIdentifier>{706eb51c-373d-5f2c-a3c4-7f03973096d4}</UniqueIdentifier>
    </Filter>
    <Filter Include="imgui">
      <UniqueIdentifier>{d18edae6-b347-5db6-9a82-859b5a811ebb}</UniqueIdentifier>
    </Filter>
  </ItemGroup>
  <ItemGroup>
    <ClCompile Include="Audio\Audio.cpp">
      <Filter>Audio</Filter>
    </ClCompile>
    <ClCompile Include="Camera\Camera.cpp">
      <Filter>Camera</Filter>
    </ClCompile>
    <ClCompile Include="Camera\DebugCamera.cpp">
      <Filter>Camera</Filter>
    </ClCompile>
    <ClCompile Include="Camera\StereoCamera.cpp">
      <Filter>Camera</Filter>
    </ClCompile>
    <ClCompile Include="Core\DirectXCore.cpp">
      <Filter>Core</Filter>
    </ClCompile>
    <ClCompile Include="Core\Framework.cpp">
      <Filter>Core</Filter>
    </ClCompile>
    <ClCompile Include="Core\ImGuiManager.cpp">
      <Filter>Core</Filter>
    </ClCompile>
    <ClCompile Include="Core\Time.cpp">
      <Filter>Core</Filter>
    </ClCompile>
    <ClCompile Include="Core\WinApp.cpp">
      <Filter>Core</Filter>
    </ClCompile>
    <ClCompile Include="Culling\FrustumCulling.cpp">
      <Filter>Culling</Filter>
    </ClCompile>
    <ClCompile Include="Diagnostics\CrashHandler.cpp">
      <Filter>Diagnostics</Filter>
    </ClCompile>
    <ClCompile Include="Diagnostics\Log.cpp">
      <Filter>Diagnostics</Filter>
    </ClCompile>
    <ClCompile Include="Geometry\GeometryGenerator.cpp">
      <Filter>Geometry</Filter>
    </ClCompile>
    <ClCompile Include="Geometry\LoadObjFile.cpp">
      <Filter>Geometry</Filter>
    </ClCompile>
    <ClCompile Include="Graphics\CameraCapture.cpp">
      <Filter>Graphics</Filter>
    </ClCompile>
    <ClCompile Include="Graphics\DescriptorHeapManager.cpp">
      <Filter>Graphics</Filter>
    </ClCompile>
    <ClCompile Include="Graphics\GpuResource.cpp">
      <Filter>Graphics</Filter>
    </ClCompile>
    <ClCompile Include="Graphics\PipelineManager.cpp">
      <Filter>Graphics</Filter>
    </ClCompile>
    <ClCompile Include="Graphics\ShaderCompiler.cpp">
      <Filter>Graphics</Filter>
    </ClCompile>
    <ClCompile Include="Graphics\StereoRenderer.cpp">
      <Filter>Graphics</Filter>
    </ClCompile>
    <ClCompile Include="Graphics\TextureManager.cpp">
      <Filter>Graphics</Filter>
    </ClCompile>
    <ClCompile Include="Input\EyeTracker.cpp">
      <Filter>Input</Filter>
    </ClCompile>
    <ClCompile Include="Input\FaceTracker.cpp">
      <Filter>Input</Filter>
    </ClCompile>
    <ClCompile Include="Input\Input.cpp">
      <Filter>Input</Filter>
    </ClCompile>
    <ClCompile Include="Math\Collision.cpp">
      <Filter>Math</Filter>
    </ClCompile>
    <ClCompile Include="Math\Curve.cpp">
      <Filter>Math</Filter>
    </ClCompile>
    <ClCompile Include="Math\Matrix4x4.cpp">
      <Filter>Math</Filter>
    </ClCompile>
    <ClCompile Include="Rendering\Mesh.cpp">
      <Filter>Rendering</Filter>
    </ClCompile>
    <ClCompile Include="Rendering\MeshManager.cpp">
      <Filter>Rendering</Filter>
    </ClCompile>
    <ClCompile Include="Rendering\Object3D.cpp">
      <Filter>Rendering</Filter>
    </ClCompile>
    <ClCompile Include="Rendering\RenderContext.cpp">
      <Filter>Rendering</Filter>
    </ClCompile>
    <ClCompile Include="Rendering\Sprite.cpp">
      <Filter>Rendering</Filter>
    </ClCompile>
    <ClCompile Include="Scene\BaseScene.cpp">
      <Filter>Scene</Filter>
    </ClCompile>
    <ClCompile Include="Scene\SceneManager.cpp">
      <Filter>Scene</Filter>
    </ClCompile>
    <ClCompile Include="String\ConvertString.cpp">
      <Filter>String</Filter>
    </ClCompile>
    <ClCompile Include="..\externals\imgui\imgui.cpp">
      <Filter>imgui</Filter>
    </ClCompile>
    <ClCompile Include="..\externals\imgui\imgui_demo.cpp">
      <Filter>imgui</Filter>
    </ClCompile>
    <ClCompile Include="..\externals\imgui\imgui_draw.cpp">
      <Filter>imgui</Filter>
    </ClCompile>
    <ClCompile Include="..\externals\imgui\imgui_impl_dx12.cpp">
      <Filter>imgui</Filter>
    </ClCompile>
    <ClCompile Include="..\externals\imgui\imgui_impl_win32.cpp">
      <Filter>imgui</Filter>
    </ClCompile>
    <ClCompile Include="..\externals\imgui\imgui_tables.cpp">
      <Filter>imgui</Filter>
    </ClCompile>
    <ClCompile Include="..\externals\imgui\imgui_widgets.cpp">
      <Filter>imgui</Filter>
    </ClCompile>
  </ItemGroup>
  <ItemGroup>
    <ClInclude Include="Audio\Audio.h">
      <Filter>Audio</Filter>
    </ClInclude>
    <ClInclude Include="Camera\Camera.h">
      <Filter>Camera</Filter>
    </ClInclude>
    <ClInclude Include="Camera\DebugCamera.h">
      <Filter>Camera</Filter>
    </ClInclude>
    <ClInclude Include="Camera\StereoCamera.h">
      <Filter>Camera</Filter>
    </ClInclude>
    <ClInclude Include="Core\DirectXCore.h">
      <Filter>Core</Filter>
    </ClInclude>
    <ClInclude Include="Core\Framework.h">
      <Filter>Core</Filter>
    </ClInclude>
    <ClInclude Include="Core\ImGuiManager.h">
      <Filter>Core</Filter>
    </ClInclude>
    <ClInclude Include="Core\Time.h">
      <Filter>Core</Filter>
    </ClInclude>
    <ClInclude Include="Core\WinApp.h">
      <Filter>Core</Filter>
    </ClInclude>
    <ClInclude Include="Culling\FrustumCulling.h">
      <Filter>Culling</Filter>
    </ClInclude>
    <ClInclude Include="Diagnostics\CrashHandler.h">
      <Filter>Diagnostics</Filter>
    </ClInclude>
    <ClInclude Include="Diagnostics\Log.h">
      <Filter>Diagnostics</Filter>
    </ClInclude>
    <ClInclude Include="Geometry\GeometryGenerator.h">
      <Filter>Geometry</Filter>
    </ClInclude>
    <ClInclude Include="Geometry\LoadObjFile.h">
      <Filter>Geometry</Filter>
    </ClInclude>
    <ClInclude Include="Graphics\CameraCapture.h">
      <Filter>Graphics</Filter>
    </ClInclude>
    <ClInclude Include="Graphics\DescriptorHeapManager.h">
      <Filter>Graphics</Filter>
    </ClInclude>
    <ClInclude Include="Graphics\GpuResource.h">
      <Filter>Graphics</Filter>
    </ClInclude>
    <ClInclude Include="Graphics\PipelineManager.h">
      <Filter>Graphics</Filter>
    </ClInclude>
    <ClInclude Include="Graphics\ShaderCompiler.h">
      <Filter>Graphics</Filter>
    </ClInclude>
    <ClInclude Include="Graphics\StereoRenderer.h">
      <Filter>Graphics</Filter>
    </ClInclude>
    <ClInclude Include="Graphics\TextureManager.h">
      <Filter>Graphics</Filter>
    </ClInclude>
    <ClInclude Include="Input\EyeTracker.h">
      <Filter>Input</Filter>
    </ClInclude>
    <ClInclude Include="Input\FaceTracker.h">
      <Filter>Input</Filter>
    </ClInclude>
    <ClInclude Include="Input\GazePacket.h">
      <Filter>Input</Filter>
    </ClInclude>
    <ClInclude Include="Input\Input.h">
      <Filter>Input</Filter>
    </ClInclude>
    <ClInclude Include="Light\DirectionalLight.h">
      <Filter>Light</Filter>
    </ClInclude>
    <ClInclude Include="Light\PointLight.h">
      <Filter>Light</Filter>
    </ClInclude>
    <ClInclude Include="Math\Collision.h">
      <Filter>Math</Filter>
    </ClInclude>
    <ClInclude Include="Math\Curve.h">
      <Filter>Math</Filter>
    </ClInclude>
    <ClInclude Include="Math\Matrix4x4.h">
      <Filter>Math</Filter>
    </ClInclude>
    <ClInclude Include="Math\Shapes.h">
      <Filter>Math</Filter>
    </ClInclude>
    <ClInclude Include="Math\Vector2.h">
      <Filter>Math</Filter>
    </ClInclude>
    <ClInclude Include="Math\Vector3.h">
      <Filter>Math</Filter>
    </ClInclude>
    <ClInclude Include="Math\Vector4.h">
      <Filter>Math</Filter>
    </ClInclude>
    <ClInclude Include="Rendering\ConstantBuffer.h">
      <Filter>Rendering</Filter>
    </ClInclude>
    <ClInclude Include="Rendering\Material.h">
      <Filter>Rendering</Filter>
    </ClInclude>
    <ClInclude Include="Rendering\Mesh.h">
      <Filter>Rendering</Filter>
    </ClInclude>
    <ClInclude Include="Rendering\MeshManager.h">
      <Filter>Rendering</Filter>
    </ClInclude>
    <ClInclude Include="Rendering\Object3D.h">
      <Filter>Rendering</Filter>
    </ClInclude>
    <ClInclude Include="Rendering\Primitive.h">
      <Filter>Rendering</Filter>
    </ClInclude>
    <ClInclude Include="Rendering\RenderContext.h">
      <Filter>Rendering</Filter>
    </ClInclude>
    <ClInclude Include="Rendering\Sprite.h">
      <Filter>Rendering</Filter>
    </ClInclude>
    <ClInclude Include="Rendering\TransformData3D.h">
      <Filter>Rendering</Filter>
    </ClInclude>
    <ClInclude Include="Rendering\TransformationMatrix.h">
      <Filter>Rendering</Filter>
    </ClInclude>
    <ClInclude Include="Rendering\VertexData.h">
      <Filter>Rendering</Filter>
    </ClInclude>
    <ClInclude Include="Scene\BaseScene.h">
      <Filter>Scene</Filter>
    </ClInclude>
    <ClInclude Include="Scene\SceneManager.h">
      <Filter>Scene</Filter>
    </ClInclude>
    <ClInclude Include="String\ConvertString.h">
      <Filter>String</Filter>
    </ClInclude>
    <ClInclude Include="..\externals\imgui\imconfig.h">
      <Filter>imgui</Filter>
    </ClInclude>
    <ClInclude Include="..\externals\imgui\imgui.h">
      <Filter>imgui</Filter>
    </ClInclude>
    <ClInclude Include="..\externals\imgui\imgui_impl_dx12.h">
      <Filter>imgui</Filter>
    </ClInclude>
    <ClInclude Include="..\externals\imgui\imgui_impl_win32.h">
      <Filter>imgui</Filter>
    </ClInclude>
    <ClInclude Include="..\externals\imgui\imgui_internal.h">
      <Filter>imgui</Filter>
    </ClInclude>
    <ClInclude Include="..\externals\imgui\imstb_rectpack.h">
      <Filter>imgui</Filter>
    </ClInclude>
    <ClInclude Include="..\externals\imgui\imstb_textedit.h">
      <Filter>imgui</Filter>
    </ClInclude>
    <ClInclude Include="..\externals\imgui\imstb_truetype.h">
      <Filter>imgui</Filter>
    </ClInclude>
  </ItemGroup>
  <ItemGroup>
    <None Include="..\Shaders\Composite.PS.hlsl">
      <Filter>Shaders</Filter>
    </None>
    <None Include="..\Shaders\Fullscreen.VS.hlsl">
      <Filter>Shaders</Filter>
    </None>
    <None Include="..\Shaders\Object3d.PS.hlsl">
      <Filter>Shaders</Filter>
    </None>
    <None Include="..\Shaders\Object3d.VS.hlsl">
      <Filter>Shaders</Filter>
    </None>
    <None Include="..\Shaders\Object3d.hlsli">
      <Filter>Shaders</Filter>
    </None>
    <None Include="Engine.props" />
  </ItemGroup>
  <ItemGroup>
    <Text Include="..\externals\imgui\LICENSE.txt">
      <Filter>imgui</Filter>
    </Text>
  </ItemGroup>
</Project>
